
Microsoft Visual Studio Solution File, Format Version 12.00
# Visual Studio 15
VisualStudioVersion = 15.0.27004.2005
MinimumVisualStudioVersion = 10.0.40219.1
Project("{FAE04EC0-301F-11D3-BF4B-00C04F79EFBC}") = "AzureFunctionsChallenge", "AzureFunctionsChallenge\AzureFunctionsChallenge.csproj", "{0333B874-BB39-4D2E-A98C-1FAC9399E8B8}"
EndProject
Global
	GlobalSection(SolutionConfigurationPlatforms) = preSolution
		Debug|Any CPU = Debug|Any CPU
		Release|Any CPU = Release|Any CPU
	EndGlobalSection
	GlobalSection(ProjectConfigurationPlatforms) = postSolution
		{0333B874-BB39-4D2E-A98C-1FAC9399E8B8}.Debug|Any CPU.ActiveCfg = Debug|Any CPU
		{0333B874-BB39-4D2E-A98C-1FAC9399E8B8}.Debug|Any CPU.Build.0 = Debug|Any CPU
		{0333B874-BB39-4D2E-A98C-1FAC9399E8B8}.Release|Any CPU.ActiveCfg = Release|Any CPU
		{0333B874-BB39-4D2E-A98C-1FAC9399E8B8}.Release|Any CPU.Build.0 = Release|Any CPU
	EndGlobalSection
	GlobalSection(SolutionProperties) = preSolution
		HideSolutionNode = FALSE
	EndGlobalSection
	GlobalSection(ExtensibilityGlobals) = postSolution
		SolutionGuid = {82B847A2-8B17-4D9F-8410-8D94FC339E64}
	EndGlobalSection
EndGlobal
